
Microsoft Visual Studio Solution File, Format Version 12.00
# Visual Studio 15
VisualStudioVersion = 15.0.28010.2036
MinimumVisualStudioVersion = 10.0.40219.1
Project("{9A19103F-16F7-4668-BE54-9A1E7A4F7556}") = "Eticaret.MvcWebUI", "Eticaret.MvcWebUI.csproj", "{F48F5E12-A18C-49B2-AEBC-281358FF2C6E}"
EndProject
Global
	GlobalSection(SolutionConfigurationPlatforms) = preSolution
		Debug|Any CPU = Debug|Any CPU
		Release|Any CPU = Release|Any CPU
	EndGlobalSection
	GlobalSection(ProjectConfigurationPlatforms) = postSolution
		{F48F5E12-A18C-49B2-AEBC-281358FF2C6E}.Debug|Any CPU.ActiveCfg = Debug|Any CPU
		{F48F5E12-A18C-49B2-AEBC-281358FF2C6E}.Debug|Any CPU.Build.0 = Debug|Any CPU
		{F48F5E12-A18C-49B2-AEBC-281358FF2C6E}.Release|Any CPU.ActiveCfg = Release|Any CPU
		{F48F5E12-A18C-49B2-AEBC-281358FF2C6E}.Release|Any CPU.Build.0 = Release|Any CPU
	EndGlobalSection
	GlobalSection(SolutionProperties) = preSolution
		HideSolutionNode = FALSE
	EndGlobalSection
	GlobalSection(ExtensibilityGlobals) = postSolution
		SolutionGuid = {CBC8F9B6-89DF-4F32-B128-415E6F65ED56}
	EndGlobalSection
EndGlobal
